
Microsoft Visual Studio Solution File, Format Version 12.00
# Visual Studio 15
VisualStudioVersion = 15.0.28307.645
MinimumVisualStudioVersion = 10.0.40219.1
Project("{FAE04EC0-301F-11D3-BF4B-00C04F79EFBC}") = "ComputersShop.Domain", "ComputersShop.Domain\ComputersShop.Domain.csproj", "{C2FFCE38-A1D5-47E1-8B25-91F83E90E21B}"
EndProject
Project("{FAE04EC0-301F-11D3-BF4B-00C04F79EFBC}") = "ComputersShop.ComputerBuilder", "ComputersShop.ComputerBuilder\ComputersShop.ComputerBuilder.csproj", "{110D8B6C-B4EA-4FE1-BE1D-3C6ABE080980}"
EndProject
Project("{FAE04EC0-301F-11D3-BF4B-00C04F79EFBC}") = "ComputersShop.Shared", "ComputersShop.Shared\ComputersShop.Shared.csproj", "{86919D40-FA17-4C96-9EC4-3C92012C2282}"
EndProject
Global
	GlobalSection(SolutionConfigurationPlatforms) = preSolution
		Debug|Any CPU = Debug|Any CPU
		Release|Any CPU = Release|Any CPU
	EndGlobalSection
	GlobalSection(ProjectConfigurationPlatforms) = postSolution
		{C2FFCE38-A1D5-47E1-8B25-91F83E90E21B}.Debug|Any CPU.ActiveCfg = Debug|Any CPU
		{C2FFCE38-A1D5-47E1-8B25-91F83E90E21B}.Debug|Any CPU.Build.0 = Debug|Any CPU
		{C2FFCE38-A1D5-47E1-8B25-91F83E90E21B}.Release|Any CPU.ActiveCfg = Release|Any CPU
		{C2FFCE38-A1D5-47E1-8B25-91F83E90E21B}.Release|Any CPU.Build.0 = Release|Any CPU
		{110D8B6C-B4EA-4FE1-BE1D-3C6ABE080980}.Debug|Any CPU.ActiveCfg = Debug|Any CPU
		{110D8B6C-B4EA-4FE1-BE1D-3C6ABE080980}.Debug|Any CPU.Build.0 = Debug|Any CPU
		{110D8B6C-B4EA-4FE1-BE1D-3C6ABE080980}.Release|Any CPU.ActiveCfg = Release|Any CPU
		{110D8B6C-B4EA-4FE1-BE1D-3C6ABE080980}.Release|Any CPU.Build.0 = Release|Any CPU
		{86919D40-FA17-4C96-9EC4-3C92012C2282}.Debug|Any CPU.ActiveCfg = Debug|Any CPU
		{86919D40-FA17-4C96-9EC4-3C92012C2282}.Debug|Any CPU.Build.0 = Debug|Any CPU
		{86919D40-FA17-4C96-9EC4-3C92012C2282}.Release|Any CPU.ActiveCfg = Release|Any CPU
		{86919D40-FA17-4C96-9EC4-3C92012C2282}.Release|Any CPU.Build.0 = Release|Any CPU
	EndGlobalSection
	GlobalSection(SolutionProperties) = preSolution
		HideSolutionNode = FALSE
	EndGlobalSection
	GlobalSection(ExtensibilityGlobals) = postSolution
		SolutionGuid = {10DF8569-0AD4-4A80-91C6-B25D2A828A40}
	EndGlobalSection
EndGlobal
